// !$*UTF8*$!
{
	archiveVersion = 1;
	classes = {
	};
	objectVersion = 46;
	objects = {

/* Begin PBXBuildFile section */
		02505AEB18F54AA3008F8563 /* GameViewController+Game.m in Sources */ = {isa = PBXBuildFile; fileRef = 02505AEA18F54AA3008F8563 /* GameViewController+Game.m */; };
		02505AEE18F571A1008F8563 /* BOStarCluster.m in Sources */ = {isa = PBXBuildFile; fileRef = 02505AED18F571A1008F8563 /* BOStarCluster.m */; };
		02505AF018F57801008F8563 /* starcluster.vsh in Resources */ = {isa = PBXBuildFile; fileRef = 02505AEF18F57801008F8563 /* starcluster.vsh */; };
		02505AF218F57819008F8563 /* starcluster.fsh in Resources */ = {isa = PBXBuildFile; fileRef = 02505AF118F57819008F8563 /* starcluster.fsh */; };
		02505AF618F6957F008F8563 /* BOShape.m in Sources */ = {isa = PBXBuildFile; fileRef = 02505AF518F6957F008F8563 /* BOShape.m */; };
		02505AF918F69624008F8563 /* BOIcosahedron.m in Sources */ = {isa = PBXBuildFile; fileRef = 02505AF818F69624008F8563 /* BOIcosahedron.m */; };
		02505AFC18F69781008F8563 /* BODodecahedron.m in Sources */ = {isa = PBXBuildFile; fileRef = 02505AFB18F69781008F8563 /* BODodecahedron.m */; };
		02505B0018F698BB008F8563 /* BOAsteroidShape.m in Sources */ = {isa = PBXBuildFile; fileRef = 02505AFF18F698BB008F8563 /* BOAsteroidShape.m */; };
		0255045F18F05E3500A984D0 /* GameRules.m in Sources */ = {isa = PBXBuildFile; fileRef = 0255045E18F05E3500A984D0 /* GameRules.m */; };
		025504AE18F15F4C00A984D0 /* Asteroid.m in Sources */ = {isa = PBXBuildFile; fileRef = 025504AD18F15F4C00A984D0 /* Asteroid.m */; };
		0262757718E90E6C00CDAA24 /* GameViewController.m in Sources */ = {isa = PBXBuildFile; fileRef = 0262757618E90E6C00CDAA24 /* GameViewController.m */; };
		0262757B18E90F4400CDAA24 /* Shapes.m in Sources */ = {isa = PBXBuildFile; fileRef = 0262757A18E90F4400CDAA24 /* Shapes.m */; };
		0262757E18E90F9400CDAA24 /* GLKit.framework in Frameworks */ = {isa = PBXBuildFile; fileRef = 0262757C18E90F9400CDAA24 /* GLKit.framework */; };
		0262757F18E90F9400CDAA24 /* OpenGLES.framework in Frameworks */ = {isa = PBXBuildFile; fileRef = 0262757D18E90F9400CDAA24 /* OpenGLES.framework */; };
		0262758218E91F4F00CDAA24 /* GameQuestion.m in Sources */ = {isa = PBXBuildFile; fileRef = 0262758118E91F4F00CDAA24 /* GameQuestion.m */; };
		0262758518E9387900CDAA24 /* GameResultsViewController.m in Sources */ = {isa = PBXBuildFile; fileRef = 0262758418E9387900CDAA24 /* GameResultsViewController.m */; };
		026A8EF118F502CC0023EC7B /* GameViewController+MCQ.m in Sources */ = {isa = PBXBuildFile; fileRef = 026A8EF018F502CC0023EC7B /* GameViewController+MCQ.m */; };
		0280A1E718EEE4B0006B50B4 /* GLProgram.m in Sources */ = {isa = PBXBuildFile; fileRef = 0280A1E618EEE4B0006B50B4 /* GLProgram.m */; };
		0280A1E918EEE6FF006B50B4 /* shader.vsh in Resources */ = {isa = PBXBuildFile; fileRef = 0280A1E818EEE6FF006B50B4 /* shader.vsh */; };
		0280A1EB18EEE70E006B50B4 /* shader.fsh in Resources */ = {isa = PBXBuildFile; fileRef = 0280A1EA18EEE70E006B50B4 /* shader.fsh */; };
		0280A1EE18EF1087006B50B4 /* SpaceShipShape.m in Sources */ = {isa = PBXBuildFile; fileRef = 0280A1ED18EF1087006B50B4 /* SpaceShipShape.m */; };
		029E57F118EC1723007EB6E8 /* GameAnimationState.m in Sources */ = {isa = PBXBuildFile; fileRef = 029E57F018EC1723007EB6E8 /* GameAnimationState.m */; };
		029E57F718EC17B2007EB6E8 /* AnswerState.m in Sources */ = {isa = PBXBuildFile; fileRef = 029E57F618EC17B2007EB6E8 /* AnswerState.m */; };
		029E57FA18EC1AEF007EB6E8 /* StarfieldStar.m in Sources */ = {isa = PBXBuildFile; fileRef = 029E57F918EC1AEF007EB6E8 /* StarfieldStar.m */; };
		029E580618EC64AF007EB6E8 /* UIAnswerButton.m in Sources */ = {isa = PBXBuildFile; fileRef = 029E580518EC64AF007EB6E8 /* UIAnswerButton.m */; };
		029E580918EC6507007EB6E8 /* UIQuestionLabel.m in Sources */ = {isa = PBXBuildFile; fileRef = 029E580818EC6507007EB6E8 /* UIQuestionLabel.m */; };
		02A30C8B18ECF9A6005F7ED7 /* QuestionState.m in Sources */ = {isa = PBXBuildFile; fileRef = 02A30C8A18ECF9A6005F7ED7 /* QuestionState.m */; };
		02FB32D818ED627E00991ABA /* SpaceShip.m in Sources */ = {isa = PBXBuildFile; fileRef = 02FB32D718ED627E00991ABA /* SpaceShip.m */; };
		02FB32DC18EDA9FF00991ABA /* BOCurve.m in Sources */ = {isa = PBXBuildFile; fileRef = 02FB32DB18EDA9FF00991ABA /* BOCurve.m */; };
		D91A36F51906256F00CD4722 /* SignInButton.m in Sources */ = {isa = PBXBuildFile; fileRef = D91A36F41906256F00CD4722 /* SignInButton.m */; };
		D96BA46F18E8675100D29E82 /* CoreData.framework in Frameworks */ = {isa = PBXBuildFile; fileRef = D96BA46E18E8675100D29E82 /* CoreData.framework */; };
		D96BA47318E86BB900D29E82 /* SetSelectorViewController.m in Sources */ = {isa = PBXBuildFile; fileRef = D96BA47218E86BB900D29E82 /* SetSelectorViewController.m */; };
		D96BA47618E8764000D29E82 /* QuizletAPI.m in Sources */ = {isa = PBXBuildFile; fileRef = D96BA47518E8764000D29E82 /* QuizletAPI.m */; };
		D96BA47B18E876A300D29E82 /* URLHelper.m in Sources */ = {isa = PBXBuildFile; fileRef = D96BA47A18E876A300D29E82 /* URLHelper.m */; };
		D96BA47E18E8965B00D29E82 /* Model.xcdatamodeld in Sources */ = {isa = PBXBuildFile; fileRef = D96BA47C18E8965B00D29E82 /* Model.xcdatamodeld */; };
		D96BA50C18E8A73100D29E82 /* FlashSetItem.m in Sources */ = {isa = PBXBuildFile; fileRef = D96BA50B18E8A73100D29E82 /* FlashSetItem.m */; };
		D96BA51518E8A9A900D29E82 /* UserInfoAttributes.m in Sources */ = {isa = PBXBuildFile; fileRef = D96BA51418E8A9A900D29E82 /* UserInfoAttributes.m */; };
		D96BA51B18E8B87B00D29E82 /* FlashSetInfo.m in Sources */ = {isa = PBXBuildFile; fileRef = D96BA51A18E8B87B00D29E82 /* FlashSetInfo.m */; };
		D96BA51E18E8BBC800D29E82 /* FlashSetLogic.m in Sources */ = {isa = PBXBuildFile; fileRef = D96BA51D18E8BBC800D29E82 /* FlashSetLogic.m */; };
		D96BA52318E92F1700D29E82 /* FlashSetInfoAttributes.m in Sources */ = {isa = PBXBuildFile; fileRef = D96BA52218E92F1700D29E82 /* FlashSetInfoAttributes.m */; };
		D96BA52618EAFEB300D29E82 /* SetSelectionTableItem.xib in Resources */ = {isa = PBXBuildFile; fileRef = D96BA52518EAFEB300D29E82 /* SetSelectionTableItem.xib */; };
		D96BA52918EB038100D29E82 /* SetSelectionTableItem.m in Sources */ = {isa = PBXBuildFile; fileRef = D96BA52818EB038100D29E82 /* SetSelectionTableItem.m */; };
		D96BA52C18EB32AE00D29E82 /* ActivityModal.xib in Resources */ = {isa = PBXBuildFile; fileRef = D96BA52B18EB32AE00D29E82 /* ActivityModal.xib */; };
		D991E55D18ED4A32003A4801 /* Resources.m in Sources */ = {isa = PBXBuildFile; fileRef = D991E55C18ED4A32003A4801 /* Resources.m */; };
		D991E56018ED5E69003A4801 /* FlashSetItemAttributes.m in Sources */ = {isa = PBXBuildFile; fileRef = D991E55F18ED5E69003A4801 /* FlashSetItemAttributes.m */; };
		D991E56318EDB129003A4801 /* UserInfoLogic.m in Sources */ = {isa = PBXBuildFile; fileRef = D991E56218EDB129003A4801 /* UserInfoLogic.m */; };
		D9B229E618DB1F1800DDBA11 /* Foundation.framework in Frameworks */ = {isa = PBXBuildFile; fileRef = D9B229E518DB1F1800DDBA11 /* Foundation.framework */; };
		D9B229E818DB1F1800DDBA11 /* CoreGraphics.framework in Frameworks */ = {isa = PBXBuildFile; fileRef = D9B229E718DB1F1800DDBA11 /* CoreGraphics.framework */; };
		D9B229EA18DB1F1800DDBA11 /* UIKit.framework in Frameworks */ = {isa = PBXBuildFile; fileRef = D9B229E918DB1F1800DDBA11 /* UIKit.framework */; };
		D9B229F018DB1F1800DDBA11 /* InfoPlist.strings in Resources */ = {isa = PBXBuildFile; fileRef = D9B229EE18DB1F1800DDBA11 /* InfoPlist.strings */; };
		D9B229F218DB1F1800DDBA11 /* main.m in Sources */ = {isa = PBXBuildFile; fileRef = D9B229F118DB1F1800DDBA11 /* main.m */; };
		D9B229F618DB1F1800DDBA11 /* AppDelegate.m in Sources */ = {isa = PBXBuildFile; fileRef = D9B229F518DB1F1800DDBA11 /* AppDelegate.m */; };
		D9B229F918DB1F1800DDBA11 /* Main.storyboard in Resources */ = {isa = PBXBuildFile; fileRef = D9B229F718DB1F1800DDBA11 /* Main.storyboard */; };
		D9B229FC18DB1F1800DDBA11 /* MainMenuViewController.m in Sources */ = {isa = PBXBuildFile; fileRef = D9B229FB18DB1F1800DDBA11 /* MainMenuViewController.m */; };
		D9B229FE18DB1F1800DDBA11 /* Images.xcassets in Resources */ = {isa = PBXBuildFile; fileRef = D9B229FD18DB1F1800DDBA11 /* Images.xcassets */; };
		D9B22A0518DB1F1800DDBA11 /* XCTest.framework in Frameworks */ = {isa = PBXBuildFile; fileRef = D9B22A0418DB1F1800DDBA11 /* XCTest.framework */; };
		D9B22A0618DB1F1800DDBA11 /* Foundation.framework in Frameworks */ = {isa = PBXBuildFile; fileRef = D9B229E518DB1F1800DDBA11 /* Foundation.framework */; };
		D9B22A0718DB1F1800DDBA11 /* UIKit.framework in Frameworks */ = {isa = PBXBuildFile; fileRef = D9B229E918DB1F1800DDBA11 /* UIKit.framework */; };
		D9B22A0F18DB1F1800DDBA11 /* InfoPlist.strings in Resources */ = {isa = PBXBuildFile; fileRef = D9B22A0D18DB1F1800DDBA11 /* InfoPlist.strings */; };
		D9B22A1118DB1F1800DDBA11 /* RacerGameTests.m in Sources */ = {isa = PBXBuildFile; fileRef = D9B22A1018DB1F1800DDBA11 /* RacerGameTests.m */; };
		D9B9F2D719012FA600AD1A2E /* StyleManager.m in Sources */ = {isa = PBXBuildFile; fileRef = D9B9F2D619012FA600AD1A2E /* StyleManager.m */; };
		D9B9F2DB1901511400AD1A2E /* NavigationButton.m in Sources */ = {isa = PBXBuildFile; fileRef = D9B9F2DA1901511400AD1A2E /* NavigationButton.m */; };
		D9B9F2E11902400000AD1A2E /* GameResultDetails.m in Sources */ = {isa = PBXBuildFile; fileRef = D9B9F2E01902400000AD1A2E /* GameResultDetails.m */; };
		D9B9F2E51902409300AD1A2E /* GameResultInfoAttributes.m in Sources */ = {isa = PBXBuildFile; fileRef = D9B9F2E41902409300AD1A2E /* GameResultInfoAttributes.m */; };
		D9B9F2E81902420D00AD1A2E /* GameResultDetailsAttributes.m in Sources */ = {isa = PBXBuildFile; fileRef = D9B9F2E71902420D00AD1A2E /* GameResultDetailsAttributes.m */; };
		D9B9F2EB1902463800AD1A2E /* GameResultsLogic.m in Sources */ = {isa = PBXBuildFile; fileRef = D9B9F2EA1902463800AD1A2E /* GameResultsLogic.m */; };
		D9B9F2F1190274EF00AD1A2E /* GameResultInfo.m in Sources */ = {isa = PBXBuildFile; fileRef = D9B9F2F0190274EF00AD1A2E /* GameResultInfo.m */; };
		D9B9F2F4190274F000AD1A2E /* UserInfo.m in Sources */ = {isa = PBXBuildFile; fileRef = D9B9F2F3190274F000AD1A2E /* UserInfo.m */; };
		D9B9F2F71905079E00AD1A2E /* SetSelectionCell.png in Resources */ = {isa = PBXBuildFile; fileRef = D9B9F2F61905079E00AD1A2E /* SetSelectionCell.png */; };
		D9B9F2FD19050B4900AD1A2E /* FlashSetSummary.m in Sources */ = {isa = PBXBuildFile; fileRef = D9B9F2FC19050B4900AD1A2E /* FlashSetSummary.m */; };
		D9B9F2FF1905169100AD1A2E /* UpdateSetButtonImage.png in Resources */ = {isa = PBXBuildFile; fileRef = D9B9F2FE1905169100AD1A2E /* UpdateSetButtonImage.png */; };
		D9B9F30219051F3A00AD1A2E /* SetPreviewViewController.m in Sources */ = {isa = PBXBuildFile; fileRef = D9B9F30119051F3A00AD1A2E /* SetPreviewViewController.m */; };
		D9B9F30519053BEF00AD1A2E /* FlashSetItemPreview.xib in Resources */ = {isa = PBXBuildFile; fileRef = D9B9F30419053BEF00AD1A2E /* FlashSetItemPreview.xib */; };
		D9B9F30819053DF000AD1A2E /* FlashSetItemPreview.m in Sources */ = {isa = PBXBuildFile; fileRef = D9B9F30719053DF000AD1A2E /* FlashSetItemPreview.m */; };
		D9DFC6AA190693D400B08DBC /* SecondaryButtons.png in Resources */ = {isa = PBXBuildFile; fileRef = D9DFC6A9190693D400B08DBC /* SecondaryButtons.png */; };
		D9EB9B9E18FD601F004AA081 /* ActivityModal.m in Sources */ = {isa = PBXBuildFile; fileRef = D9EB9B9D18FD601F004AA081 /* ActivityModal.m */; };
		D9EB9BA118FD7E00004AA081 /* FlashSetSummary.xib in Resources */ = {isa = PBXBuildFile; fileRef = D9EB9BA018FD7E00004AA081 /* FlashSetSummary.xib */; };
/* End PBXBuildFile section */

/* Begin PBXContainerItemProxy section */
		D9B22A0818DB1F1800DDBA11 /* PBXContainerItemProxy */ = {
			isa = PBXContainerItemProxy;
			containerPortal = D9B229DA18DB1F1800DDBA11 /* Project object */;
			proxyType = 1;
			remoteGlobalIDString = D9B229E118DB1F1800DDBA11;
			remoteInfo = RacerGame;
		};
/* End PBXContainerItemProxy section */

/* Begin PBXFileReference section */
		02505AE918F54AA3008F8563 /* GameViewController+Game.h */ = {isa = PBXFileReference; fileEncoding = 4; lastKnownFileType = sourcecode.c.h; name = "GameViewController+Game.h"; path = "Game/GameViewController+Game.h"; sourceTree = "<group>"; };
		02505AEA18F54AA3008F8563 /* GameViewController+Game.m */ = {isa = PBXFileReference; fileEncoding = 4; lastKnownFileType = sourcecode.c.objc; name = "GameViewController+Game.m"; path = "Game/GameViewController+Game.m"; sourceTree = "<group>"; };
		02505AEC18F571A1008F8563 /* BOStarCluster.h */ = {isa = PBXFileReference; fileEncoding = 4; lastKnownFileType = sourcecode.c.h; name = BOStarCluster.h; path = RacerGame/Game/BOStarCluster.h; sourceTree = "<group>"; };
		02505AED18F571A1008F8563 /* BOStarCluster.m */ = {isa = PBXFileReference; fileEncoding = 4; lastKnownFileType = sourcecode.c.objc; name = BOStarCluster.m; path = RacerGame/Game/BOStarCluster.m; sourceTree = "<group>"; };
		02505AEF18F57801008F8563 /* starcluster.vsh */ = {isa = PBXFileReference; fileEncoding = 4; lastKnownFileType = sourcecode.glsl; path = starcluster.vsh; sourceTree = "<group>"; };
		02505AF118F57819008F8563 /* starcluster.fsh */ = {isa = PBXFileReference; fileEncoding = 4; lastKnownFileType = sourcecode.glsl; path = starcluster.fsh; sourceTree = "<group>"; };
		02505AF418F6957F008F8563 /* BOShape.h */ = {isa = PBXFileReference; fileEncoding = 4; lastKnownFileType = sourcecode.c.h; name = BOShape.h; path = RacerGame/Game/BOShape.h; sourceTree = "<group>"; };
		02505AF518F6957F008F8563 /* BOShape.m */ = {isa = PBXFileReference; fileEncoding = 4; lastKnownFileType = sourcecode.c.objc; name = BOShape.m; path = RacerGame/Game/BOShape.m; sourceTree = "<group>"; };
		02505AF718F69624008F8563 /* BOIcosahedron.h */ = {isa = PBXFileReference; fileEncoding = 4; lastKnownFileType = sourcecode.c.h; name = BOIcosahedron.h; path = RacerGame/Game/BOIcosahedron.h; sourceTree = "<group>"; };
		02505AF818F69624008F8563 /* BOIcosahedron.m */ = {isa = PBXFileReference; fileEncoding = 4; lastKnownFileType = sourcecode.c.objc; name = BOIcosahedron.m; path = RacerGame/Game/BOIcosahedron.m; sourceTree = "<group>"; };
		02505AFA18F69781008F8563 /* BODodecahedron.h */ = {isa = PBXFileReference; fileEncoding = 4; lastKnownFileType = sourcecode.c.h; name = BODodecahedron.h; path = RacerGame/Game/BODodecahedron.h; sourceTree = "<group>"; };
		02505AFB18F69781008F8563 /* BODodecahedron.m */ = {isa = PBXFileReference; fileEncoding = 4; lastKnownFileType = sourcecode.c.objc; name = BODodecahedron.m; path = RacerGame/Game/BODodecahedron.m; sourceTree = "<group>"; };
		02505AFD18F69865008F8563 /* BOShape_Color.h */ = {isa = PBXFileReference; lastKnownFileType = sourcecode.c.h; name = BOShape_Color.h; path = RacerGame/Game/BOShape_Color.h; sourceTree = "<group>"; };
		02505AFE18F698BB008F8563 /* BOAsteroidShape.h */ = {isa = PBXFileReference; fileEncoding = 4; lastKnownFileType = sourcecode.c.h; name = BOAsteroidShape.h; path = RacerGame/Game/BOAsteroidShape.h; sourceTree = "<group>"; };
		02505AFF18F698BB008F8563 /* BOAsteroidShape.m */ = {isa = PBXFileReference; fileEncoding = 4; lastKnownFileType = sourcecode.c.objc; name = BOAsteroidShape.m; path = RacerGame/Game/BOAsteroidShape.m; sourceTree = "<group>"; };
		0255045D18F05E3500A984D0 /* GameRules.h */ = {isa = PBXFileReference; fileEncoding = 4; lastKnownFileType = sourcecode.c.h; name = GameRules.h; path = RacerGame/Game/GameRules.h; sourceTree = "<group>"; };
		0255045E18F05E3500A984D0 /* GameRules.m */ = {isa = PBXFileReference; fileEncoding = 4; lastKnownFileType = sourcecode.c.objc; name = GameRules.m; path = RacerGame/Game/GameRules.m; sourceTree = "<group>"; };
		025504AC18F15F4C00A984D0 /* Asteroid.h */ = {isa = PBXFileReference; fileEncoding = 4; lastKnownFileType = sourcecode.c.h; name = Asteroid.h; path = RacerGame/Game/Asteroid.h; sourceTree = "<group>"; };
		025504AD18F15F4C00A984D0 /* Asteroid.m */ = {isa = PBXFileReference; fileEncoding = 4; lastKnownFileType = sourcecode.c.objc; name = Asteroid.m; path = RacerGame/Game/Asteroid.m; sourceTree = "<group>"; };
		0262757518E90E6C00CDAA24 /* GameViewController.h */ = {isa = PBXFileReference; fileEncoding = 4; lastKnownFileType = sourcecode.c.h; path = GameViewController.h; sourceTree = "<group>"; };
		0262757618E90E6C00CDAA24 /* GameViewController.m */ = {isa = PBXFileReference; fileEncoding = 4; lastKnownFileType = sourcecode.c.objc; path = GameViewController.m; sourceTree = "<group>"; };
		0262757918E90F4400CDAA24 /* Shapes.h */ = {isa = PBXFileReference; fileEncoding = 4; lastKnownFileType = sourcecode.c.h; name = Shapes.h; path = RacerGame/Game/Shapes.h; sourceTree = "<group>"; };
		0262757A18E90F4400CDAA24 /* Shapes.m */ = {isa = PBXFileReference; fileEncoding = 4; lastKnownFileType = sourcecode.c.objc; name = Shapes.m; path = RacerGame/Game/Shapes.m; sourceTree = "<group>"; };
		0262757C18E90F9400CDAA24 /* GLKit.framework */ = {isa = PBXFileReference; lastKnownFileType = wrapper.framework; name = GLKit.framework; path = System/Library/Frameworks/GLKit.framework; sourceTree = SDKROOT; };
		0262757D18E90F9400CDAA24 /* OpenGLES.framework */ = {isa = PBXFileReference; lastKnownFileType = wrapper.framework; name = OpenGLES.framework; path = System/Library/Frameworks/OpenGLES.framework; sourceTree = SDKROOT; };
		0262758018E91F4F00CDAA24 /* GameQuestion.h */ = {isa = PBXFileReference; fileEncoding = 4; lastKnownFileType = sourcecode.c.h; name = GameQuestion.h; path = RacerGame/Game/GameQuestion.h; sourceTree = "<group>"; };
		0262758118E91F4F00CDAA24 /* GameQuestion.m */ = {isa = PBXFileReference; fileEncoding = 4; lastKnownFileType = sourcecode.c.objc; name = GameQuestion.m; path = RacerGame/Game/GameQuestion.m; sourceTree = "<group>"; };
		0262758318E9387900CDAA24 /* GameResultsViewController.h */ = {isa = PBXFileReference; fileEncoding = 4; lastKnownFileType = sourcecode.c.h; path = GameResultsViewController.h; sourceTree = "<group>"; };
		0262758418E9387900CDAA24 /* GameResultsViewController.m */ = {isa = PBXFileReference; fileEncoding = 4; lastKnownFileType = sourcecode.c.objc; path = GameResultsViewController.m; sourceTree = "<group>"; };
		026A8EEF18F502CC0023EC7B /* GameViewController+MCQ.h */ = {isa = PBXFileReference; fileEncoding = 4; lastKnownFileType = sourcecode.c.h; name = "GameViewController+MCQ.h"; path = "Game/GameViewController+MCQ.h"; sourceTree = "<group>"; };
		026A8EF018F502CC0023EC7B /* GameViewController+MCQ.m */ = {isa = PBXFileReference; fileEncoding = 4; lastKnownFileType = sourcecode.c.objc; name = "GameViewController+MCQ.m"; path = "Game/GameViewController+MCQ.m"; sourceTree = "<group>"; };
		0280A1E518EEE4B0006B50B4 /* GLProgram.h */ = {isa = PBXFileReference; fileEncoding = 4; lastKnownFileType = sourcecode.c.h; name = GLProgram.h; path = RacerGame/Game/GLProgram.h; sourceTree = "<group>"; };
		0280A1E618EEE4B0006B50B4 /* GLProgram.m */ = {isa = PBXFileReference; fileEncoding = 4; lastKnownFileType = sourcecode.c.objc; name = GLProgram.m; path = RacerGame/Game/GLProgram.m; sourceTree = "<group>"; };
		0280A1E818EEE6FF006B50B4 /* shader.vsh */ = {isa = PBXFileReference; fileEncoding = 4; lastKnownFileType = sourcecode.glsl; path = shader.vsh; sourceTree = "<group>"; };
		0280A1EA18EEE70E006B50B4 /* shader.fsh */ = {isa = PBXFileReference; fileEncoding = 4; lastKnownFileType = sourcecode.glsl; path = shader.fsh; sourceTree = "<group>"; };
		0280A1EC18EF1087006B50B4 /* SpaceShipShape.h */ = {isa = PBXFileReference; fileEncoding = 4; lastKnownFileType = sourcecode.c.h; name = SpaceShipShape.h; path = RacerGame/Game/SpaceShipShape.h; sourceTree = "<group>"; };
		0280A1ED18EF1087006B50B4 /* SpaceShipShape.m */ = {isa = PBXFileReference; fileEncoding = 4; lastKnownFileType = sourcecode.c.objc; name = SpaceShipShape.m; path = RacerGame/Game/SpaceShipShape.m; sourceTree = "<group>"; };
		029E57EF18EC1723007EB6E8 /* GameAnimationState.h */ = {isa = PBXFileReference; fileEncoding = 4; lastKnownFileType = sourcecode.c.h; name = GameAnimationState.h; path = RacerGame/Game/GameAnimationState.h; sourceTree = "<group>"; };
		029E57F018EC1723007EB6E8 /* GameAnimationState.m */ = {isa = PBXFileReference; fileEncoding = 4; lastKnownFileType = sourcecode.c.objc; name = GameAnimationState.m; path = RacerGame/Game/GameAnimationState.m; sourceTree = "<group>"; };
		029E57F518EC17B2007EB6E8 /* AnswerState.h */ = {isa = PBXFileReference; fileEncoding = 4; lastKnownFileType = sourcecode.c.h; name = AnswerState.h; path = RacerGame/Game/AnswerState.h; sourceTree = "<group>"; };
		029E57F618EC17B2007EB6E8 /* AnswerState.m */ = {isa = PBXFileReference; fileEncoding = 4; lastKnownFileType = sourcecode.c.objc; name = AnswerState.m; path = RacerGame/Game/AnswerState.m; sourceTree = "<group>"; };
		029E57F818EC1AEF007EB6E8 /* StarfieldStar.h */ = {isa = PBXFileReference; fileEncoding = 4; lastKnownFileType = sourcecode.c.h; name = StarfieldStar.h; path = RacerGame/Game/StarfieldStar.h; sourceTree = "<group>"; };
		029E57F918EC1AEF007EB6E8 /* StarfieldStar.m */ = {isa = PBXFileReference; fileEncoding = 4; lastKnownFileType = sourcecode.c.objc; name = StarfieldStar.m; path = RacerGame/Game/StarfieldStar.m; sourceTree = "<group>"; };
		029E580418EC64AF007EB6E8 /* UIAnswerButton.h */ = {isa = PBXFileReference; fileEncoding = 4; lastKnownFileType = sourcecode.c.h; name = UIAnswerButton.h; path = RacerGame/Game/UIAnswerButton.h; sourceTree = "<group>"; };
		029E580518EC64AF007EB6E8 /* UIAnswerButton.m */ = {isa = PBXFileReference; fileEncoding = 4; lastKnownFileType = sourcecode.c.objc; name = UIAnswerButton.m; path = RacerGame/Game/UIAnswerButton.m; sourceTree = "<group>"; };
		029E580718EC6507007EB6E8 /* UIQuestionLabel.h */ = {isa = PBXFileReference; fileEncoding = 4; lastKnownFileType = sourcecode.c.h; name = UIQuestionLabel.h; path = RacerGame/Game/UIQuestionLabel.h; sourceTree = "<group>"; };
		029E580818EC6507007EB6E8 /* UIQuestionLabel.m */ = {isa = PBXFileReference; fileEncoding = 4; lastKnownFileType = sourcecode.c.objc; name = UIQuestionLabel.m; path = RacerGame/Game/UIQuestionLabel.m; sourceTree = "<group>"; };
		02A30C8918ECF9A6005F7ED7 /* QuestionState.h */ = {isa = PBXFileReference; fileEncoding = 4; lastKnownFileType = sourcecode.c.h; name = QuestionState.h; path = RacerGame/Game/QuestionState.h; sourceTree = "<group>"; };
		02A30C8A18ECF9A6005F7ED7 /* QuestionState.m */ = {isa = PBXFileReference; fileEncoding = 4; lastKnownFileType = sourcecode.c.objc; name = QuestionState.m; path = RacerGame/Game/QuestionState.m; sourceTree = "<group>"; };
		02FB32D618ED627E00991ABA /* SpaceShip.h */ = {isa = PBXFileReference; fileEncoding = 4; lastKnownFileType = sourcecode.c.h; name = SpaceShip.h; path = RacerGame/Game/SpaceShip.h; sourceTree = "<group>"; };
		02FB32D718ED627E00991ABA /* SpaceShip.m */ = {isa = PBXFileReference; fileEncoding = 4; lastKnownFileType = sourcecode.c.objc; name = SpaceShip.m; path = RacerGame/Game/SpaceShip.m; sourceTree = "<group>"; };
		02FB32DA18EDA9FF00991ABA /* BOCurve.h */ = {isa = PBXFileReference; fileEncoding = 4; lastKnownFileType = sourcecode.c.h; name = BOCurve.h; path = RacerGame/Game/BOCurve.h; sourceTree = "<group>"; };
		02FB32DB18EDA9FF00991ABA /* BOCurve.m */ = {isa = PBXFileReference; fileEncoding = 4; lastKnownFileType = sourcecode.c.objc; name = BOCurve.m; path = RacerGame/Game/BOCurve.m; sourceTree = "<group>"; };
		D91A36F31906256F00CD4722 /* SignInButton.h */ = {isa = PBXFileReference; fileEncoding = 4; lastKnownFileType = sourcecode.c.h; path = SignInButton.h; sourceTree = "<group>"; };
		D91A36F41906256F00CD4722 /* SignInButton.m */ = {isa = PBXFileReference; fileEncoding = 4; lastKnownFileType = sourcecode.c.objc; path = SignInButton.m; sourceTree = "<group>"; };
		D96BA46E18E8675100D29E82 /* CoreData.framework */ = {isa = PBXFileReference; lastKnownFileType = wrapper.framework; name = CoreData.framework; path = System/Library/Frameworks/CoreData.framework; sourceTree = SDKROOT; };
		D96BA47118E86BB900D29E82 /* SetSelectorViewController.h */ = {isa = PBXFileReference; fileEncoding = 4; lastKnownFileType = sourcecode.c.h; path = SetSelectorViewController.h; sourceTree = "<group>"; };
		D96BA47218E86BB900D29E82 /* SetSelectorViewController.m */ = {isa = PBXFileReference; fileEncoding = 4; lastKnownFileType = sourcecode.c.objc; path = SetSelectorViewController.m; sourceTree = "<group>"; };
		D96BA47418E8764000D29E82 /* QuizletAPI.h */ = {isa = PBXFileReference; fileEncoding = 4; lastKnownFileType = sourcecode.c.h; name = QuizletAPI.h; path = RacerGame/QuizletAPI.h; sourceTree = "<group>"; };
		D96BA47518E8764000D29E82 /* QuizletAPI.m */ = {isa = PBXFileReference; fileEncoding = 4; lastKnownFileType = sourcecode.c.objc; name = QuizletAPI.m; path = RacerGame/QuizletAPI.m; sourceTree = "<group>"; };
		D96BA47918E876A300D29E82 /* URLHelper.h */ = {isa = PBXFileReference; fileEncoding = 4; lastKnownFileType = sourcecode.c.h; path = URLHelper.h; sourceTree = "<group>"; };
		D96BA47A18E876A300D29E82 /* URLHelper.m */ = {isa = PBXFileReference; fileEncoding = 4; lastKnownFileType = sourcecode.c.objc; path = URLHelper.m; sourceTree = "<group>"; };
		D96BA47D18E8965B00D29E82 /* Model.xcdatamodel */ = {isa = PBXFileReference; lastKnownFileType = wrapper.xcdatamodel; path = Model.xcdatamodel; sourceTree = "<group>"; };
		D96BA50A18E8A73100D29E82 /* FlashSetItem.h */ = {isa = PBXFileReference; fileEncoding = 4; lastKnownFileType = sourcecode.c.h; path = FlashSetItem.h; sourceTree = "<group>"; };
		D96BA50B18E8A73100D29E82 /* FlashSetItem.m */ = {isa = PBXFileReference; fileEncoding = 4; lastKnownFileType = sourcecode.c.objc; path = FlashSetItem.m; sourceTree = "<group>"; };
		D96BA51318E8A9A900D29E82 /* UserInfoAttributes.h */ = {isa = PBXFileReference; fileEncoding = 4; lastKnownFileType = sourcecode.c.h; name = UserInfoAttributes.h; path = RacerGame/UserInfoAttributes.h; sourceTree = "<group>"; };
		D96BA51418E8A9A900D29E82 /* UserInfoAttributes.m */ = {isa = PBXFileReference; fileEncoding = 4; lastKnownFileType = sourcecode.c.objc; name = UserInfoAttributes.m; path = RacerGame/UserInfoAttributes.m; sourceTree = "<group>"; };
		D96BA51918E8B87B00D29E82 /* FlashSetInfo.h */ = {isa = PBXFileReference; fileEncoding = 4; lastKnownFileType = sourcecode.c.h; path = FlashSetInfo.h; sourceTree = "<group>"; };
		D96BA51A18E8B87B00D29E82 /* FlashSetInfo.m */ = {isa = PBXFileReference; fileEncoding = 4; lastKnownFileType = sourcecode.c.objc; path = FlashSetInfo.m; sourceTree = "<group>"; };
		D96BA51C18E8BBC800D29E82 /* FlashSetLogic.h */ = {isa = PBXFileReference; fileEncoding = 4; lastKnownFileType = sourcecode.c.h; name = FlashSetLogic.h; path = RacerGame/FlashSetLogic.h; sourceTree = "<group>"; };
		D96BA51D18E8BBC800D29E82 /* FlashSetLogic.m */ = {isa = PBXFileReference; fileEncoding = 4; lastKnownFileType = sourcecode.c.objc; name = FlashSetLogic.m; path = RacerGame/FlashSetLogic.m; sourceTree = "<group>"; };
		D96BA52118E92F1700D29E82 /* FlashSetInfoAttributes.h */ = {isa = PBXFileReference; fileEncoding = 4; lastKnownFileType = sourcecode.c.h; path = FlashSetInfoAttributes.h; sourceTree = "<group>"; };
		D96BA52218E92F1700D29E82 /* FlashSetInfoAttributes.m */ = {isa = PBXFileReference; fileEncoding = 4; lastKnownFileType = sourcecode.c.objc; path = FlashSetInfoAttributes.m; sourceTree = "<group>"; };
		D96BA52518EAFEB300D29E82 /* SetSelectionTableItem.xib */ = {isa = PBXFileReference; fileEncoding = 4; lastKnownFileType = file.xib; path = SetSelectionTableItem.xib; sourceTree = "<group>"; };
		D96BA52718EB038100D29E82 /* SetSelectionTableItem.h */ = {isa = PBXFileReference; fileEncoding = 4; lastKnownFileType = sourcecode.c.h; path = SetSelectionTableItem.h; sourceTree = "<group>"; };
		D96BA52818EB038100D29E82 /* SetSelectionTableItem.m */ = {isa = PBXFileReference; fileEncoding = 4; lastKnownFileType = sourcecode.c.objc; path = SetSelectionTableItem.m; sourceTree = "<group>"; };
		D96BA52B18EB32AE00D29E82 /* ActivityModal.xib */ = {isa = PBXFileReference; fileEncoding = 4; lastKnownFileType = file.xib; path = ActivityModal.xib; sourceTree = "<group>"; };
		D96BA52D18EB365C00D29E82 /* ActivityModal.h */ = {isa = PBXFileReference; fileEncoding = 4; lastKnownFileType = sourcecode.c.h; path = ActivityModal.h; sourceTree = "<group>"; };
		D991E55B18ED4A32003A4801 /* Resources.h */ = {isa = PBXFileReference; fileEncoding = 4; lastKnownFileType = sourcecode.c.h; path = Resources.h; sourceTree = "<group>"; };
		D991E55C18ED4A32003A4801 /* Resources.m */ = {isa = PBXFileReference; fileEncoding = 4; lastKnownFileType = sourcecode.c.objc; path = Resources.m; sourceTree = "<group>"; };
		D991E55E18ED5E69003A4801 /* FlashSetItemAttributes.h */ = {isa = PBXFileReference; fileEncoding = 4; lastKnownFileType = sourcecode.c.h; path = FlashSetItemAttributes.h; sourceTree = "<group>"; };
		D991E55F18ED5E69003A4801 /* FlashSetItemAttributes.m */ = {isa = PBXFileReference; fileEncoding = 4; lastKnownFileType = sourcecode.c.objc; path = FlashSetItemAttributes.m; sourceTree = "<group>"; };
		D991E56118EDB129003A4801 /* UserInfoLogic.h */ = {isa = PBXFileReference; fileEncoding = 4; lastKnownFileType = sourcecode.c.h; path = UserInfoLogic.h; sourceTree = "<group>"; };
		D991E56218EDB129003A4801 /* UserInfoLogic.m */ = {isa = PBXFileReference; fileEncoding = 4; lastKnownFileType = sourcecode.c.objc; path = UserInfoLogic.m; sourceTree = "<group>"; };
		D9B229E218DB1F1800DDBA11 /* RacerGame.app */ = {isa = PBXFileReference; explicitFileType = wrapper.application; includeInIndex = 0; path = RacerGame.app; sourceTree = BUILT_PRODUCTS_DIR; };
		D9B229E518DB1F1800DDBA11 /* Foundation.framework */ = {isa = PBXFileReference; lastKnownFileType = wrapper.framework; name = Foundation.framework; path = System/Library/Frameworks/Foundation.framework; sourceTree = SDKROOT; };
		D9B229E718DB1F1800DDBA11 /* CoreGraphics.framework */ = {isa = PBXFileReference; lastKnownFileType = wrapper.framework; name = CoreGraphics.framework; path = System/Library/Frameworks/CoreGraphics.framework; sourceTree = SDKROOT; };
		D9B229E918DB1F1800DDBA11 /* UIKit.framework */ = {isa = PBXFileReference; lastKnownFileType = wrapper.framework; name = UIKit.framework; path = System/Library/Frameworks/UIKit.framework; sourceTree = SDKROOT; };
		D9B229ED18DB1F1800DDBA11 /* RacerGame-Info.plist */ = {isa = PBXFileReference; lastKnownFileType = text.plist.xml; path = "RacerGame-Info.plist"; sourceTree = "<group>"; };
		D9B229EF18DB1F1800DDBA11 /* en */ = {isa = PBXFileReference; lastKnownFileType = text.plist.strings; name = en; path = en.lproj/InfoPlist.strings; sourceTree = "<group>"; };
		D9B229F118DB1F1800DDBA11 /* main.m */ = {isa = PBXFileReference; lastKnownFileType = sourcecode.c.objc; path = main.m; sourceTree = "<group>"; };
		D9B229F318DB1F1800DDBA11 /* RacerGame-Prefix.pch */ = {isa = PBXFileReference; lastKnownFileType = sourcecode.c.h; path = "RacerGame-Prefix.pch"; sourceTree = "<group>"; };
		D9B229F418DB1F1800DDBA11 /* AppDelegate.h */ = {isa = PBXFileReference; lastKnownFileType = sourcecode.c.h; path = AppDelegate.h; sourceTree = "<group>"; };
		D9B229F518DB1F1800DDBA11 /* AppDelegate.m */ = {isa = PBXFileReference; lastKnownFileType = sourcecode.c.objc; path = AppDelegate.m; sourceTree = "<group>"; };
		D9B229F818DB1F1800DDBA11 /* Base */ = {isa = PBXFileReference; lastKnownFileType = file.storyboard; name = Base; path = Base.lproj/Main.storyboard; sourceTree = "<group>"; };
		D9B229FA18DB1F1800DDBA11 /* MainMenuViewController.h */ = {isa = PBXFileReference; lastKnownFileType = sourcecode.c.h; path = MainMenuViewController.h; sourceTree = "<group>"; };
		D9B229FB18DB1F1800DDBA11 /* MainMenuViewController.m */ = {isa = PBXFileReference; lastKnownFileType = sourcecode.c.objc; path = MainMenuViewController.m; sourceTree = "<group>"; };
		D9B229FD18DB1F1800DDBA11 /* Images.xcassets */ = {isa = PBXFileReference; lastKnownFileType = folder.assetcatalog; path = Images.xcassets; sourceTree = "<group>"; };
		D9B22A0318DB1F1800DDBA11 /* RacerGameTests.xctest */ = {isa = PBXFileReference; explicitFileType = wrapper.cfbundle; includeInIndex = 0; path = RacerGameTests.xctest; sourceTree = BUILT_PRODUCTS_DIR; };
		D9B22A0418DB1F1800DDBA11 /* XCTest.framework */ = {isa = PBXFileReference; lastKnownFileType = wrapper.framework; name = XCTest.framework; path = Library/Frameworks/XCTest.framework; sourceTree = DEVELOPER_DIR; };
		D9B22A0C18DB1F1800DDBA11 /* RacerGameTests-Info.plist */ = {isa = PBXFileReference; lastKnownFileType = text.plist.xml; path = "RacerGameTests-Info.plist"; sourceTree = "<group>"; };
		D9B22A0E18DB1F1800DDBA11 /* en */ = {isa = PBXFileReference; lastKnownFileType = text.plist.strings; name = en; path = en.lproj/InfoPlist.strings; sourceTree = "<group>"; };
		D9B22A1018DB1F1800DDBA11 /* RacerGameTests.m */ = {isa = PBXFileReference; lastKnownFileType = sourcecode.c.objc; path = RacerGameTests.m; sourceTree = "<group>"; };
		D9B9F2D519012FA600AD1A2E /* StyleManager.h */ = {isa = PBXFileReference; fileEncoding = 4; lastKnownFileType = sourcecode.c.h; path = StyleManager.h; sourceTree = "<group>"; };
		D9B9F2D619012FA600AD1A2E /* StyleManager.m */ = {isa = PBXFileReference; fileEncoding = 4; lastKnownFileType = sourcecode.c.objc; path = StyleManager.m; sourceTree = "<group>"; };
		D9B9F2D91901511400AD1A2E /* NavigationButton.h */ = {isa = PBXFileReference; fileEncoding = 4; lastKnownFileType = sourcecode.c.h; path = NavigationButton.h; sourceTree = "<group>"; };
		D9B9F2DA1901511400AD1A2E /* NavigationButton.m */ = {isa = PBXFileReference; fileEncoding = 4; lastKnownFileType = sourcecode.c.objc; path = NavigationButton.m; sourceTree = "<group>"; };
		D9B9F2DF1902400000AD1A2E /* GameResultDetails.h */ = {isa = PBXFileReference; fileEncoding = 4; lastKnownFileType = sourcecode.c.h; path = GameResultDetails.h; sourceTree = "<group>"; };
		D9B9F2E01902400000AD1A2E /* GameResultDetails.m */ = {isa = PBXFileReference; fileEncoding = 4; lastKnownFileType = sourcecode.c.objc; path = GameResultDetails.m; sourceTree = "<group>"; };
		D9B9F2E31902409300AD1A2E /* GameResultInfoAttributes.h */ = {isa = PBXFileReference; fileEncoding = 4; lastKnownFileType = sourcecode.c.h; path = GameResultInfoAttributes.h; sourceTree = "<group>"; };
		D9B9F2E41902409300AD1A2E /* GameResultInfoAttributes.m */ = {isa = PBXFileReference; fileEncoding = 4; lastKnownFileType = sourcecode.c.objc; path = GameResultInfoAttributes.m; sourceTree = "<group>"; };
		D9B9F2E61902420D00AD1A2E /* GameResultDetailsAttributes.h */ = {isa = PBXFileReference; fileEncoding = 4; lastKnownFileType = sourcecode.c.h; path = GameResultDetailsAttributes.h; sourceTree = "<group>"; };
		D9B9F2E71902420D00AD1A2E /* GameResultDetailsAttributes.m */ = {isa = PBXFileReference; fileEncoding = 4; lastKnownFileType = sourcecode.c.objc; path = GameResultDetailsAttributes.m; sourceTree = "<group>"; };
		D9B9F2E91902463800AD1A2E /* GameResultsLogic.h */ = {isa = PBXFileReference; fileEncoding = 4; lastKnownFileType = sourcecode.c.h; path = GameResultsLogic.h; sourceTree = "<group>"; };
		D9B9F2EA1902463800AD1A2E /* GameResultsLogic.m */ = {isa = PBXFileReference; fileEncoding = 4; lastKnownFileType = sourcecode.c.objc; path = GameResultsLogic.m; sourceTree = "<group>"; };
		D9B9F2EF190274EF00AD1A2E /* GameResultInfo.h */ = {isa = PBXFileReference; fileEncoding = 4; lastKnownFileType = sourcecode.c.h; path = GameResultInfo.h; sourceTree = "<group>"; };
		D9B9F2F0190274EF00AD1A2E /* GameResultInfo.m */ = {isa = PBXFileReference; fileEncoding = 4; lastKnownFileType = sourcecode.c.objc; path = GameResultInfo.m; sourceTree = "<group>"; };
		D9B9F2F2190274F000AD1A2E /* UserInfo.h */ = {isa = PBXFileReference; fileEncoding = 4; lastKnownFileType = sourcecode.c.h; path = UserInfo.h; sourceTree = "<group>"; };
		D9B9F2F3190274F000AD1A2E /* UserInfo.m */ = {isa = PBXFileReference; fileEncoding = 4; lastKnownFileType = sourcecode.c.objc; path = UserInfo.m; sourceTree = "<group>"; };
		D9B9F2F61905079E00AD1A2E /* SetSelectionCell.png */ = {isa = PBXFileReference; lastKnownFileType = image.png; name = SetSelectionCell.png; path = ../../Assets/SetSelectionCell.png; sourceTree = "<group>"; };
		D9B9F2FB19050B4900AD1A2E /* FlashSetSummary.h */ = {isa = PBXFileReference; fileEncoding = 4; lastKnownFileType = sourcecode.c.h; path = FlashSetSummary.h; sourceTree = "<group>"; };
		D9B9F2FC19050B4900AD1A2E /* FlashSetSummary.m */ = {isa = PBXFileReference; fileEncoding = 4; lastKnownFileType = sourcecode.c.objc; path = FlashSetSummary.m; sourceTree = "<group>"; };
		D9B9F2FE1905169100AD1A2E /* UpdateSetButtonImage.png */ = {isa = PBXFileReference; lastKnownFileType = image.png; name = UpdateSetButtonImage.png; path = ../../Assets/UpdateSetButtonImage.png; sourceTree = "<group>"; };
		D9B9F30019051F3A00AD1A2E /* SetPreviewViewController.h */ = {isa = PBXFileReference; fileEncoding = 4; lastKnownFileType = sourcecode.c.h; path = SetPreviewViewController.h; sourceTree = "<group>"; };
		D9B9F30119051F3A00AD1A2E /* SetPreviewViewController.m */ = {isa = PBXFileReference; fileEncoding = 4; lastKnownFileType = sourcecode.c.objc; path = SetPreviewViewController.m; sourceTree = "<group>"; };
		D9B9F30419053BEF00AD1A2E /* FlashSetItemPreview.xib */ = {isa = PBXFileReference; fileEncoding = 4; lastKnownFileType = file.xib; path = FlashSetItemPreview.xib; sourceTree = "<group>"; };
		D9B9F30619053DF000AD1A2E /* FlashSetItemPreview.h */ = {isa = PBXFileReference; fileEncoding = 4; lastKnownFileType = sourcecode.c.h; path = FlashSetItemPreview.h; sourceTree = "<group>"; };
		D9B9F30719053DF000AD1A2E /* FlashSetItemPreview.m */ = {isa = PBXFileReference; fileEncoding = 4; lastKnownFileType = sourcecode.c.objc; path = FlashSetItemPreview.m; sourceTree = "<group>"; };
		D9DFC6A9190693D400B08DBC /* SecondaryButtons.png */ = {isa = PBXFileReference; lastKnownFileType = image.png; name = SecondaryButtons.png; path = ../../Assets/SecondaryButtons.png; sourceTree = "<group>"; };
		D9EB9B9D18FD601F004AA081 /* ActivityModal.m */ = {isa = PBXFileReference; fileEncoding = 4; lastKnownFileType = sourcecode.c.objc; path = ActivityModal.m; sourceTree = "<group>"; };
		D9EB9BA018FD7E00004AA081 /* FlashSetSummary.xib */ = {isa = PBXFileReference; fileEncoding = 4; lastKnownFileType = file.xib; path = FlashSetSummary.xib; sourceTree = "<group>"; };
/* End PBXFileReference section */

/* Begin PBXFrameworksBuildPhase section */
		D9B229DF18DB1F1800DDBA11 /* Frameworks */ = {
			isa = PBXFrameworksBuildPhase;
			buildActionMask = 2147483647;
			files = (
				0262757E18E90F9400CDAA24 /* GLKit.framework in Frameworks */,
				0262757F18E90F9400CDAA24 /* OpenGLES.framework in Frameworks */,
				D96BA46F18E8675100D29E82 /* CoreData.framework in Frameworks */,
				D9B229E818DB1F1800DDBA11 /* CoreGraphics.framework in Frameworks */,
				D9B229EA18DB1F1800DDBA11 /* UIKit.framework in Frameworks */,
				D9B229E618DB1F1800DDBA11 /* Foundation.framework in Frameworks */,
			);
			runOnlyForDeploymentPostprocessing = 0;
		};
		D9B22A0018DB1F1800DDBA11 /* Frameworks */ = {
			isa = PBXFrameworksBuildPhase;
			buildActionMask = 2147483647;
			files = (
				D9B22A0518DB1F1800DDBA11 /* XCTest.framework in Frameworks */,
				D9B22A0718DB1F1800DDBA11 /* UIKit.framework in Frameworks */,
				D9B22A0618DB1F1800DDBA11 /* Foundation.framework in Frameworks */,
			);
			runOnlyForDeploymentPostprocessing = 0;
		};
/* End PBXFrameworksBuildPhase section */

/* Begin PBXGroup section */
		02505AF318F69515008F8563 /* BO Shapes */ = {
			isa = PBXGroup;
			children = (
				0262757918E90F4400CDAA24 /* Shapes.h */,
				0262757A18E90F4400CDAA24 /* Shapes.m */,
				02505AF418F6957F008F8563 /* BOShape.h */,
				02505AF518F6957F008F8563 /* BOShape.m */,
				02505AFD18F69865008F8563 /* BOShape_Color.h */,
				02505AFA18F69781008F8563 /* BODodecahedron.h */,
				02505AFB18F69781008F8563 /* BODodecahedron.m */,
				02505AF718F69624008F8563 /* BOIcosahedron.h */,
				02505AF818F69624008F8563 /* BOIcosahedron.m */,
				02505AFE18F698BB008F8563 /* BOAsteroidShape.h */,
				02505AFF18F698BB008F8563 /* BOAsteroidShape.m */,
				02505AEC18F571A1008F8563 /* BOStarCluster.h */,
				02505AED18F571A1008F8563 /* BOStarCluster.m */,
				02FB32DA18EDA9FF00991ABA /* BOCurve.h */,
				02FB32DB18EDA9FF00991ABA /* BOCurve.m */,
				0280A1EC18EF1087006B50B4 /* SpaceShipShape.h */,
				0280A1ED18EF1087006B50B4 /* SpaceShipShape.m */,
			);
			name = "BO Shapes";
			sourceTree = "<group>";
		};
		02505B0118F6A042008F8563 /* Shader Logic */ = {
			isa = PBXGroup;
			children = (
				0280A1E518EEE4B0006B50B4 /* GLProgram.h */,
				0280A1E618EEE4B0006B50B4 /* GLProgram.m */,
				0280A1E818EEE6FF006B50B4 /* shader.vsh */,
				0280A1EA18EEE70E006B50B4 /* shader.fsh */,
				02505AEF18F57801008F8563 /* starcluster.vsh */,
				02505AF118F57819008F8563 /* starcluster.fsh */,
			);
			name = "Shader Logic";
			sourceTree = "<group>";
		};
		0262757818E90EE500CDAA24 /* Game Logic */ = {
			isa = PBXGroup;
			children = (
				02FB32D918EDA9C400991ABA /* 3D */,
				02A30C8918ECF9A6005F7ED7 /* QuestionState.h */,
				02A30C8A18ECF9A6005F7ED7 /* QuestionState.m */,
				0262758018E91F4F00CDAA24 /* GameQuestion.h */,
				0262758118E91F4F00CDAA24 /* GameQuestion.m */,
				029E57EF18EC1723007EB6E8 /* GameAnimationState.h */,
				029E57F018EC1723007EB6E8 /* GameAnimationState.m */,
				029E57F518EC17B2007EB6E8 /* AnswerState.h */,
				029E57F618EC17B2007EB6E8 /* AnswerState.m */,
				029E580418EC64AF007EB6E8 /* UIAnswerButton.h */,
				029E580518EC64AF007EB6E8 /* UIAnswerButton.m */,
				029E580718EC6507007EB6E8 /* UIQuestionLabel.h */,
				029E580818EC6507007EB6E8 /* UIQuestionLabel.m */,
				0255045D18F05E3500A984D0 /* GameRules.h */,
				0255045E18F05E3500A984D0 /* GameRules.m */,
			);
			name = "Game Logic";
			sourceTree = "<group>";
		};
		02FB32D918EDA9C400991ABA /* 3D */ = {
			isa = PBXGroup;
			children = (
				02505AF318F69515008F8563 /* BO Shapes */,
				02505B0118F6A042008F8563 /* Shader Logic */,
				029E57F818EC1AEF007EB6E8 /* StarfieldStar.h */,
				029E57F918EC1AEF007EB6E8 /* StarfieldStar.m */,
				02FB32D618ED627E00991ABA /* SpaceShip.h */,
				02FB32D718ED627E00991ABA /* SpaceShip.m */,
				025504AC18F15F4C00A984D0 /* Asteroid.h */,
				025504AD18F15F4C00A984D0 /* Asteroid.m */,
			);
			name = 3D;
			sourceTree = "<group>";
		};
		D91A36F21906254F00CD4722 /* SignInButton */ = {
			isa = PBXGroup;
			children = (
				D91A36F31906256F00CD4722 /* SignInButton.h */,
				D91A36F41906256F00CD4722 /* SignInButton.m */,
			);
			name = SignInButton;
			sourceTree = "<group>";
		};
		D96BA47018E867AC00D29E82 /* VControllers */ = {
			isa = PBXGroup;
			children = (
				D9B229FA18DB1F1800DDBA11 /* MainMenuViewController.h */,
				D9B229FB18DB1F1800DDBA11 /* MainMenuViewController.m */,
				D96BA47118E86BB900D29E82 /* SetSelectorViewController.h */,
				D96BA47218E86BB900D29E82 /* SetSelectorViewController.m */,
				0262757518E90E6C00CDAA24 /* GameViewController.h */,
				0262757618E90E6C00CDAA24 /* GameViewController.m */,
				026A8EEF18F502CC0023EC7B /* GameViewController+MCQ.h */,
				026A8EF018F502CC0023EC7B /* GameViewController+MCQ.m */,
				02505AE918F54AA3008F8563 /* GameViewController+Game.h */,
				02505AEA18F54AA3008F8563 /* GameViewController+Game.m */,
				0262758318E9387900CDAA24 /* GameResultsViewController.h */,
				0262758418E9387900CDAA24 /* GameResultsViewController.m */,
				D9B9F30019051F3A00AD1A2E /* SetPreviewViewController.h */,
				D9B9F30119051F3A00AD1A2E /* SetPreviewViewController.m */,
			);
			name = VControllers;
			sourceTree = "<group>";
		};
		D96BA47718E8764A00D29E82 /* Models */ = {
			isa = PBXGroup;
			children = (
				D991E55A18ED49DB003A4801 /* Attributes */,
				D96BA52018E8D7DB00D29E82 /* CoreData */,
				D96BA51F18E8D7C300D29E82 /* Logic */,
				D96BA47C18E8965B00D29E82 /* Model.xcdatamodeld */,
				D96BA47418E8764000D29E82 /* QuizletAPI.h */,
				D96BA47518E8764000D29E82 /* QuizletAPI.m */,
			);
			name = Models;
			path = ..;
			sourceTree = "<group>";
		};
		D96BA47818E8768B00D29E82 /* Utilties */ = {
			isa = PBXGroup;
			children = (
				D96BA47918E876A300D29E82 /* URLHelper.h */,
				D96BA47A18E876A300D29E82 /* URLHelper.m */,
				D991E55B18ED4A32003A4801 /* Resources.h */,
				D991E55C18ED4A32003A4801 /* Resources.m */,
				D9B9F2D519012FA600AD1A2E /* StyleManager.h */,
				D9B9F2D619012FA600AD1A2E /* StyleManager.m */,
			);
			name = Utilties;
			sourceTree = "<group>";
		};
		D96BA51F18E8D7C300D29E82 /* Logic */ = {
			isa = PBXGroup;
			children = (
				D96BA51C18E8BBC800D29E82 /* FlashSetLogic.h */,
				D96BA51D18E8BBC800D29E82 /* FlashSetLogic.m */,
				D991E56118EDB129003A4801 /* UserInfoLogic.h */,
				D991E56218EDB129003A4801 /* UserInfoLogic.m */,
				D9B9F2E91902463800AD1A2E /* GameResultsLogic.h */,
				D9B9F2EA1902463800AD1A2E /* GameResultsLogic.m */,
			);
			name = Logic;
			sourceTree = "<group>";
		};
		D96BA52018E8D7DB00D29E82 /* CoreData */ = {
			isa = PBXGroup;
			children = (
				D96BA51918E8B87B00D29E82 /* FlashSetInfo.h */,
				D96BA51A18E8B87B00D29E82 /* FlashSetInfo.m */,
				D96BA50A18E8A73100D29E82 /* FlashSetItem.h */,
				D96BA50B18E8A73100D29E82 /* FlashSetItem.m */,
				D9B9F2DF1902400000AD1A2E /* GameResultDetails.h */,
				D9B9F2E01902400000AD1A2E /* GameResultDetails.m */,
				D9B9F2F2190274F000AD1A2E /* UserInfo.h */,
				D9B9F2F3190274F000AD1A2E /* UserInfo.m */,
				D9B9F2EF190274EF00AD1A2E /* GameResultInfo.h */,
				D9B9F2F0190274EF00AD1A2E /* GameResultInfo.m */,
			);
			name = CoreData;
			sourceTree = "<group>";
		};
		D96BA52418EAFE2400D29E82 /* Views */ = {
			isa = PBXGroup;
			children = (
				D91A36F21906254F00CD4722 /* SignInButton */,
				D9B9F30319053B9300AD1A2E /* FlashSetItem */,
				D9B9F2F51905078B00AD1A2E /* Assets */,
				D9B9F2D8190150B300AD1A2E /* NavigationButtons */,
				D9EB9B9F18FD7DCE004AA081 /* FlashSetSummary */,
				D96BA52A18EB328400D29E82 /* ActivityModal */,
				D96BA52518EAFEB300D29E82 /* SetSelectionTableItem.xib */,
				D96BA52718EB038100D29E82 /* SetSelectionTableItem.h */,
				D96BA52818EB038100D29E82 /* SetSelectionTableItem.m */,
			);
			name = Views;
			sourceTree = "<group>";
		};
		D96BA52A18EB328400D29E82 /* ActivityModal */ = {
			isa = PBXGroup;
			children = (
				D9EB9B9D18FD601F004AA081 /* ActivityModal.m */,
				D96BA52B18EB32AE00D29E82 /* ActivityModal.xib */,
				D96BA52D18EB365C00D29E82 /* ActivityModal.h */,
			);
			name = ActivityModal;
			sourceTree = "<group>";
		};
		D991E55A18ED49DB003A4801 /* Attributes */ = {
			isa = PBXGroup;
			children = (
				D96BA51318E8A9A900D29E82 /* UserInfoAttributes.h */,
				D96BA51418E8A9A900D29E82 /* UserInfoAttributes.m */,
				D96BA52118E92F1700D29E82 /* FlashSetInfoAttributes.h */,
				D96BA52218E92F1700D29E82 /* FlashSetInfoAttributes.m */,
				D991E55E18ED5E69003A4801 /* FlashSetItemAttributes.h */,
				D991E55F18ED5E69003A4801 /* FlashSetItemAttributes.m */,
				D9B9F2E31902409300AD1A2E /* GameResultInfoAttributes.h */,
				D9B9F2E41902409300AD1A2E /* GameResultInfoAttributes.m */,
				D9B9F2E61902420D00AD1A2E /* GameResultDetailsAttributes.h */,
				D9B9F2E71902420D00AD1A2E /* GameResultDetailsAttributes.m */,
			);
			name = Attributes;
			sourceTree = "<group>";
		};
		D9B229D918DB1F1800DDBA11 = {
			isa = PBXGroup;
			children = (
				0262757818E90EE500CDAA24 /* Game Logic */,
				D9B229EB18DB1F1800DDBA11 /* RacerGame */,
				D9B22A0A18DB1F1800DDBA11 /* RacerGameTests */,
				D9B229E418DB1F1800DDBA11 /* Frameworks */,
				D9B229E318DB1F1800DDBA11 /* Products */,
			);
			sourceTree = "<group>";
		};
		D9B229E318DB1F1800DDBA11 /* Products */ = {
			isa = PBXGroup;
			children = (
				D9B229E218DB1F1800DDBA11 /* RacerGame.app */,
				D9B22A0318DB1F1800DDBA11 /* RacerGameTests.xctest */,
			);
			name = Products;
			sourceTree = "<group>";
		};
		D9B229E418DB1F1800DDBA11 /* Frameworks */ = {
			isa = PBXGroup;
			children = (
				0262757C18E90F9400CDAA24 /* GLKit.framework */,
				0262757D18E90F9400CDAA24 /* OpenGLES.framework */,
				D96BA46E18E8675100D29E82 /* CoreData.framework */,
				D9B229E518DB1F1800DDBA11 /* Foundation.framework */,
				D9B229E718DB1F1800DDBA11 /* CoreGraphics.framework */,
				D9B229E918DB1F1800DDBA11 /* UIKit.framework */,
				D9B22A0418DB1F1800DDBA11 /* XCTest.framework */,
			);
			name = Frameworks;
			sourceTree = "<group>";
		};
		D9B229EB18DB1F1800DDBA11 /* RacerGame */ = {
			isa = PBXGroup;
			children = (
				D9B229F418DB1F1800DDBA11 /* AppDelegate.h */,
				D9B229F518DB1F1800DDBA11 /* AppDelegate.m */,
				D9B229F718DB1F1800DDBA11 /* Main.storyboard */,
				D96BA52418EAFE2400D29E82 /* Views */,
				D96BA47818E8768B00D29E82 /* Utilties */,
				D96BA47718E8764A00D29E82 /* Models */,
				D96BA47018E867AC00D29E82 /* VControllers */,
				D9B229FD18DB1F1800DDBA11 /* Images.xcassets */,
				D9B229EC18DB1F1800DDBA11 /* Supporting Files */,
			);
			path = RacerGame;
			sourceTree = "<group>";
		};
		D9B229EC18DB1F1800DDBA11 /* Supporting Files */ = {
			isa = PBXGroup;
			children = (
				D9B229ED18DB1F1800DDBA11 /* RacerGame-Info.plist */,
				D9B229EE18DB1F1800DDBA11 /* InfoPlist.strings */,
				D9B229F118DB1F1800DDBA11 /* main.m */,
				D9B229F318DB1F1800DDBA11 /* RacerGame-Prefix.pch */,
			);
			name = "Supporting Files";
			sourceTree = "<group>";
		};
		D9B22A0A18DB1F1800DDBA11 /* RacerGameTests */ = {
			isa = PBXGroup;
			children = (
				D9B22A1018DB1F1800DDBA11 /* RacerGameTests.m */,
				D9B22A0B18DB1F1800DDBA11 /* Supporting Files */,
			);
			path = RacerGameTests;
			sourceTree = "<group>";
		};
		D9B22A0B18DB1F1800DDBA11 /* Supporting Files */ = {
			isa = PBXGroup;
			children = (
				D9B22A0C18DB1F1800DDBA11 /* RacerGameTests-Info.plist */,
				D9B22A0D18DB1F1800DDBA11 /* InfoPlist.strings */,
			);
			name = "Supporting Files";
			sourceTree = "<group>";
		};
		D9B9F2D8190150B300AD1A2E /* NavigationButtons */ = {
			isa = PBXGroup;
			children = (
				D9B9F2D91901511400AD1A2E /* NavigationButton.h */,
				D9B9F2DA1901511400AD1A2E /* NavigationButton.m */,
			);
			name = NavigationButtons;
			sourceTree = "<group>";
		};
		D9B9F2F51905078B00AD1A2E /* Assets */ = {
			isa = PBXGroup;
			children = (
				D9DFC6A9190693D400B08DBC /* SecondaryButtons.png */,
				D9B9F2FE1905169100AD1A2E /* UpdateSetButtonImage.png */,
				D9B9F2F61905079E00AD1A2E /* SetSelectionCell.png */,
			);
			name = Assets;
			sourceTree = "<group>";
		};
		D9B9F30319053B9300AD1A2E /* FlashSetItem */ = {
			isa = PBXGroup;
			children = (
				D9B9F30419053BEF00AD1A2E /* FlashSetItemPreview.xib */,
				D9B9F30619053DF000AD1A2E /* FlashSetItemPreview.h */,
				D9B9F30719053DF000AD1A2E /* FlashSetItemPreview.m */,
			);
			name = FlashSetItem;
			sourceTree = "<group>";
		};
		D9EB9B9F18FD7DCE004AA081 /* FlashSetSummary */ = {
			isa = PBXGroup;
			children = (
				D9EB9BA018FD7E00004AA081 /* FlashSetSummary.xib */,
				D9B9F2FB19050B4900AD1A2E /* FlashSetSummary.h */,
				D9B9F2FC19050B4900AD1A2E /* FlashSetSummary.m */,
			);
			name = FlashSetSummary;
			sourceTree = "<group>";
		};
/* End PBXGroup section */

/* Begin PBXNativeTarget section */
		D9B229E118DB1F1800DDBA11 /* RacerGame */ = {
			isa = PBXNativeTarget;
			buildConfigurationList = D9B22A1418DB1F1800DDBA11 /* Build configuration list for PBXNativeTarget "RacerGame" */;
			buildPhases = (
				D9B229DE18DB1F1800DDBA11 /* Sources */,
				D9B229DF18DB1F1800DDBA11 /* Frameworks */,
				D9B229E018DB1F1800DDBA11 /* Resources */,
			);
			buildRules = (
			);
			dependencies = (
			);
			name = RacerGame;
			productName = RacerGame;
			productReference = D9B229E218DB1F1800DDBA11 /* RacerGame.app */;
			productType = "com.apple.product-type.application";
		};
		D9B22A0218DB1F1800DDBA11 /* RacerGameTests */ = {
			isa = PBXNativeTarget;
			buildConfigurationList = D9B22A1718DB1F1800DDBA11 /* Build configuration list for PBXNativeTarget "RacerGameTests" */;
			buildPhases = (
				D9B229FF18DB1F1800DDBA11 /* Sources */,
				D9B22A0018DB1F1800DDBA11 /* Frameworks */,
				D9B22A0118DB1F1800DDBA11 /* Resources */,
			);
			buildRules = (
			);
			dependencies = (
				D9B22A0918DB1F1800DDBA11 /* PBXTargetDependency */,
			);
			name = RacerGameTests;
			productName = RacerGameTests;
			productReference = D9B22A0318DB1F1800DDBA11 /* RacerGameTests.xctest */;
			productType = "com.apple.product-type.bundle.unit-test";
		};
/* End PBXNativeTarget section */

/* Begin PBXProject section */
		D9B229DA18DB1F1800DDBA11 /* Project object */ = {
			isa = PBXProject;
			attributes = {
				LastUpgradeCheck = 0510;
				ORGANIZATIONNAME = "Hunar Khanna";
				TargetAttributes = {
					D9B22A0218DB1F1800DDBA11 = {
						TestTargetID = D9B229E118DB1F1800DDBA11;
					};
				};
			};
			buildConfigurationList = D9B229DD18DB1F1800DDBA11 /* Build configuration list for PBXProject "RacerGame" */;
			compatibilityVersion = "Xcode 3.2";
			developmentRegion = English;
			hasScannedForEncodings = 0;
			knownRegions = (
				en,
				Base,
			);
			mainGroup = D9B229D918DB1F1800DDBA11;
			productRefGroup = D9B229E318DB1F1800DDBA11 /* Products */;
			projectDirPath = "";
			projectRoot = "";
			targets = (
				D9B229E118DB1F1800DDBA11 /* RacerGame */,
				D9B22A0218DB1F1800DDBA11 /* RacerGameTests */,
			);
		};
/* End PBXProject section */

/* Begin PBXResourcesBuildPhase section */
		D9B229E018DB1F1800DDBA11 /* Resources */ = {
			isa = PBXResourcesBuildPhase;
			buildActionMask = 2147483647;
			files = (
				D9B9F30519053BEF00AD1A2E /* FlashSetItemPreview.xib in Resources */,
				D9B229FE18DB1F1800DDBA11 /* Images.xcassets in Resources */,
				D9B9F2FF1905169100AD1A2E /* UpdateSetButtonImage.png in Resources */,
				0280A1EB18EEE70E006B50B4 /* shader.fsh in Resources */,
				02505AF018F57801008F8563 /* starcluster.vsh in Resources */,
				D96BA52C18EB32AE00D29E82 /* ActivityModal.xib in Resources */,
				D9B229F018DB1F1800DDBA11 /* InfoPlist.strings in Resources */,
				D9B229F918DB1F1800DDBA11 /* Main.storyboard in Resources */,
				D9EB9BA118FD7E00004AA081 /* FlashSetSummary.xib in Resources */,
				0280A1E918EEE6FF006B50B4 /* shader.vsh in Resources */,
				02505AF218F57819008F8563 /* starcluster.fsh in Resources */,
				D9B9F2F71905079E00AD1A2E /* SetSelectionCell.png in Resources */,
				D9DFC6AA190693D400B08DBC /* SecondaryButtons.png in Resources */,
				D96BA52618EAFEB300D29E82 /* SetSelectionTableItem.xib in Resources */,
			);
			runOnlyForDeploymentPostprocessing = 0;
		};
		D9B22A0118DB1F1800DDBA11 /* Resources */ = {
			isa = PBXResourcesBuildPhase;
			buildActionMask = 2147483647;
			files = (
				D9B22A0F18DB1F1800DDBA11 /* InfoPlist.strings in Resources */,
			);
			runOnlyForDeploymentPostprocessing = 0;
		};
/* End PBXResourcesBuildPhase section */

/* Begin PBXSourcesBuildPhase section */
		D9B229DE18DB1F1800DDBA11 /* Sources */ = {
			isa = PBXSourcesBuildPhase;
			buildActionMask = 2147483647;
			files = (
				D9B9F2FD19050B4900AD1A2E /* FlashSetSummary.m in Sources */,
				02505AF618F6957F008F8563 /* BOShape.m in Sources */,
				D96BA52318E92F1700D29E82 /* FlashSetInfoAttributes.m in Sources */,
				D9B229FC18DB1F1800DDBA11 /* MainMenuViewController.m in Sources */,
				D9B229F618DB1F1800DDBA11 /* AppDelegate.m in Sources */,
				02FB32DC18EDA9FF00991ABA /* BOCurve.m in Sources */,
				0262758518E9387900CDAA24 /* GameResultsViewController.m in Sources */,
				D96BA51E18E8BBC800D29E82 /* FlashSetLogic.m in Sources */,
				D9B9F30219051F3A00AD1A2E /* SetPreviewViewController.m in Sources */,
				D96BA47618E8764000D29E82 /* QuizletAPI.m in Sources */,
				D9B9F2E51902409300AD1A2E /* GameResultInfoAttributes.m in Sources */,
				D96BA47E18E8965B00D29E82 /* Model.xcdatamodeld in Sources */,
				D9B9F2F1190274EF00AD1A2E /* GameResultInfo.m in Sources */,
				D9B9F2DB1901511400AD1A2E /* NavigationButton.m in Sources */,
				0262757718E90E6C00CDAA24 /* GameViewController.m in Sources */,
				025504AE18F15F4C00A984D0 /* Asteroid.m in Sources */,
				0255045F18F05E3500A984D0 /* GameRules.m in Sources */,
				D96BA51B18E8B87B00D29E82 /* FlashSetInfo.m in Sources */,
				D9B9F2F4190274F000AD1A2E /* UserInfo.m in Sources */,
				02505AF918F69624008F8563 /* BOIcosahedron.m in Sources */,
				029E580918EC6507007EB6E8 /* UIQuestionLabel.m in Sources */,
				D991E56318EDB129003A4801 /* UserInfoLogic.m in Sources */,
				D96BA47318E86BB900D29E82 /* SetSelectorViewController.m in Sources */,
				029E57F118EC1723007EB6E8 /* GameAnimationState.m in Sources */,
				D9B9F2E81902420D00AD1A2E /* GameResultDetailsAttributes.m in Sources */,
				D9B9F2EB1902463800AD1A2E /* GameResultsLogic.m in Sources */,
				D96BA50C18E8A73100D29E82 /* FlashSetItem.m in Sources */,
				02505AEB18F54AA3008F8563 /* GameViewController+Game.m in Sources */,
				0262758218E91F4F00CDAA24 /* GameQuestion.m in Sources */,
				02FB32D818ED627E00991ABA /* SpaceShip.m in Sources */,
				029E580618EC64AF007EB6E8 /* UIAnswerButton.m in Sources */,
				D9B9F30819053DF000AD1A2E /* FlashSetItemPreview.m in Sources */,
				029E57FA18EC1AEF007EB6E8 /* StarfieldStar.m in Sources */,
				D91A36F51906256F00CD4722 /* SignInButton.m in Sources */,
				D9B9F2E11902400000AD1A2E /* GameResultDetails.m in Sources */,
				D96BA47B18E876A300D29E82 /* URLHelper.m in Sources */,
				02505AEE18F571A1008F8563 /* BOStarCluster.m in Sources */,
				D96BA52918EB038100D29E82 /* SetSelectionTableItem.m in Sources */,
				D9B229F218DB1F1800DDBA11 /* main.m in Sources */,
				0262757B18E90F4400CDAA24 /* Shapes.m in Sources */,
				D991E55D18ED4A32003A4801 /* Resources.m in Sources */,
				0280A1E718EEE4B0006B50B4 /* GLProgram.m in Sources */,
				D991E56018ED5E69003A4801 /* FlashSetItemAttributes.m in Sources */,
				D9B9F2D719012FA600AD1A2E /* StyleManager.m in Sources */,
				0280A1EE18EF1087006B50B4 /* SpaceShipShape.m in Sources */,
				02505B0018F698BB008F8563 /* BOAsteroidShape.m in Sources */,
				D9EB9B9E18FD601F004AA081 /* ActivityModal.m in Sources */,
				02A30C8B18ECF9A6005F7ED7 /* QuestionState.m in Sources */,
				02505AFC18F69781008F8563 /* BODodecahedron.m in Sources */,
				029E57F718EC17B2007EB6E8 /* AnswerState.m in Sources */,
				026A8EF118F502CC0023EC7B /* GameViewController+MCQ.m in Sources */,
				D96BA51518E8A9A900D29E82 /* UserInfoAttributes.m in Sources */,
			);
			runOnlyForDeploymentPostprocessing = 0;
		};
		D9B229FF18DB1F1800DDBA11 /* Sources */ = {
			isa = PBXSourcesBuildPhase;
			buildActionMask = 2147483647;
			files = (
				D9B22A1118DB1F1800DDBA11 /* RacerGameTests.m in Sources */,
			);
			runOnlyForDeploymentPostprocessing = 0;
		};
/* End PBXSourcesBuildPhase section */

/* Begin PBXTargetDependency section */
		D9B22A0918DB1F1800DDBA11 /* PBXTargetDependency */ = {
			isa = PBXTargetDependency;
			target = D9B229E118DB1F1800DDBA11 /* RacerGame */;
			targetProxy = D9B22A0818DB1F1800DDBA11 /* PBXContainerItemProxy */;
		};
/* End PBXTargetDependency section */

/* Begin PBXVariantGroup section */
		D9B229EE18DB1F1800DDBA11 /* InfoPlist.strings */ = {
			isa = PBXVariantGroup;
			children = (
				D9B229EF18DB1F1800DDBA11 /* en */,
			);
			name = InfoPlist.strings;
			sourceTree = "<group>";
		};
		D9B229F718DB1F1800DDBA11 /* Main.storyboard */ = {
			isa = PBXVariantGroup;
			children = (
				D9B229F818DB1F1800DDBA11 /* Base */,
			);
			name = Main.storyboard;
			sourceTree = "<group>";
		};
		D9B22A0D18DB1F1800DDBA11 /* InfoPlist.strings */ = {
			isa = PBXVariantGroup;
			children = (
				D9B22A0E18DB1F1800DDBA11 /* en */,
			);
			name = InfoPlist.strings;
			sourceTree = "<group>";
		};
/* End PBXVariantGroup section */

/* Begin XCBuildConfiguration section */
		D9B22A1218DB1F1800DDBA11 /* Debug */ = {
			isa = XCBuildConfiguration;
			buildSettings = {
				ALWAYS_SEARCH_USER_PATHS = NO;
				CLANG_CXX_LANGUAGE_STANDARD = "gnu++0x";
				CLANG_CXX_LIBRARY = "libc++";
				CLANG_ENABLE_MODULES = YES;
				CLANG_ENABLE_OBJC_ARC = YES;
				CLANG_WARN_BOOL_CONVERSION = YES;
				CLANG_WARN_CONSTANT_CONVERSION = YES;
				CLANG_WARN_DIRECT_OBJC_ISA_USAGE = YES_ERROR;
				CLANG_WARN_EMPTY_BODY = YES;
				CLANG_WARN_ENUM_CONVERSION = YES;
				CLANG_WARN_INT_CONVERSION = YES;
				CLANG_WARN_OBJC_ROOT_CLASS = YES_ERROR;
				CLANG_WARN__DUPLICATE_METHOD_MATCH = YES;
				"CODE_SIGN_IDENTITY[sdk=iphoneos*]" = "iPhone Developer";
				COPY_PHASE_STRIP = NO;
				GCC_C_LANGUAGE_STANDARD = gnu99;
				GCC_DYNAMIC_NO_PIC = NO;
				GCC_OPTIMIZATION_LEVEL = 0;
				GCC_PREPROCESSOR_DEFINITIONS = (
					"DEBUG=1",
					"$(inherited)",
				);
				GCC_SYMBOLS_PRIVATE_EXTERN = NO;
				GCC_WARN_64_TO_32_BIT_CONVERSION = YES;
				GCC_WARN_ABOUT_RETURN_TYPE = YES_ERROR;
				GCC_WARN_UNDECLARED_SELECTOR = YES;
				GCC_WARN_UNINITIALIZED_AUTOS = YES_AGGRESSIVE;
				GCC_WARN_UNUSED_FUNCTION = YES;
				GCC_WARN_UNUSED_VARIABLE = YES;
				IPHONEOS_DEPLOYMENT_TARGET = 7.1;
				ONLY_ACTIVE_ARCH = YES;
				SDKROOT = iphoneos;
				TARGETED_DEVICE_FAMILY = 2;
			};
			name = Debug;
		};
		D9B22A1318DB1F1800DDBA11 /* Release */ = {
			isa = XCBuildConfiguration;
			buildSettings = {
				ALWAYS_SEARCH_USER_PATHS = NO;
				CLANG_CXX_LANGUAGE_STANDARD = "gnu++0x";
				CLANG_CXX_LIBRARY = "libc++";
				CLANG_ENABLE_MODULES = YES;
				CLANG_ENABLE_OBJC_ARC = YES;
				CLANG_WARN_BOOL_CONVERSION = YES;
				CLANG_WARN_CONSTANT_CONVERSION = YES;
				CLANG_WARN_DIRECT_OBJC_ISA_USAGE = YES_ERROR;
				CLANG_WARN_EMPTY_BODY = YES;
				CLANG_WARN_ENUM_CONVERSION = YES;
				CLANG_WARN_INT_CONVERSION = YES;
				CLANG_WARN_OBJC_ROOT_CLASS = YES_ERROR;
				CLANG_WARN__DUPLICATE_METHOD_MATCH = YES;
				"CODE_SIGN_IDENTITY[sdk=iphoneos*]" = "iPhone Developer";
				COPY_PHASE_STRIP = YES;
				ENABLE_NS_ASSERTIONS = NO;
				GCC_C_LANGUAGE_STANDARD = gnu99;
				GCC_WARN_64_TO_32_BIT_CONVERSION = YES;
				GCC_WARN_ABOUT_RETURN_TYPE = YES_ERROR;
				GCC_WARN_UNDECLARED_SELECTOR = YES;
				GCC_WARN_UNINITIALIZED_AUTOS = YES_AGGRESSIVE;
				GCC_WARN_UNUSED_FUNCTION = YES;
				GCC_WARN_UNUSED_VARIABLE = YES;
				IPHONEOS_DEPLOYMENT_TARGET = 7.1;
				SDKROOT = iphoneos;
				TARGETED_DEVICE_FAMILY = 2;
				VALIDATE_PRODUCT = YES;
			};
			name = Release;
		};
		D9B22A1518DB1F1800DDBA11 /* Debug */ = {
			isa = XCBuildConfiguration;
			buildSettings = {
				ASSETCATALOG_COMPILER_APPICON_NAME = AppIcon;
				ASSETCATALOG_COMPILER_LAUNCHIMAGE_NAME = LaunchImage;
				GCC_PRECOMPILE_PREFIX_HEADER = YES;
				GCC_PREFIX_HEADER = "RacerGame/RacerGame-Prefix.pch";
				INFOPLIST_FILE = "RacerGame/RacerGame-Info.plist";
				IPHONEOS_DEPLOYMENT_TARGET = 7.0;
				PRODUCT_NAME = "$(TARGET_NAME)";
				TARGETED_DEVICE_FAMILY = 2;
				WRAPPER_EXTENSION = app;
			};
			name = Debug;
		};
		D9B22A1618DB1F1800DDBA11 /* Release */ = {
			isa = XCBuildConfiguration;
			buildSettings = {
				ASSETCATALOG_COMPILER_APPICON_NAME = AppIcon;
				ASSETCATALOG_COMPILER_LAUNCHIMAGE_NAME = LaunchImage;
				GCC_PRECOMPILE_PREFIX_HEADER = YES;
				GCC_PREFIX_HEADER = "RacerGame/RacerGame-Prefix.pch";
				INFOPLIST_FILE = "RacerGame/RacerGame-Info.plist";
				IPHONEOS_DEPLOYMENT_TARGET = 7.0;
				PRODUCT_NAME = "$(TARGET_NAME)";
				TARGETED_DEVICE_FAMILY = 2;
				WRAPPER_EXTENSION = app;
			};
			name = Release;
		};
		D9B22A1818DB1F1800DDBA11 /* Debug */ = {
			isa = XCBuildConfiguration;
			buildSettings = {
				BUNDLE_LOADER = "$(BUILT_PRODUCTS_DIR)/RacerGame.app/RacerGame";
				FRAMEWORK_SEARCH_PATHS = (
					"$(SDKROOT)/Developer/Library/Frameworks",
					"$(inherited)",
					"$(DEVELOPER_FRAMEWORKS_DIR)",
				);
				GCC_PRECOMPILE_PREFIX_HEADER = YES;
				GCC_PREFIX_HEADER = "RacerGame/RacerGame-Prefix.pch";
				GCC_PREPROCESSOR_DEFINITIONS = (
					"DEBUG=1",
					"$(inherited)",
				);
				INFOPLIST_FILE = "RacerGameTests/RacerGameTests-Info.plist";
				PRODUCT_NAME = "$(TARGET_NAME)";
				TEST_HOST = "$(BUNDLE_LOADER)";
				WRAPPER_EXTENSION = xctest;
			};
			name = Debug;
		};
		D9B22A1918DB1F1800DDBA11 /* Release */ = {
			isa = XCBuildConfiguration;
			buildSettings = {
				BUNDLE_LOADER = "$(BUILT_PRODUCTS_DIR)/RacerGame.app/RacerGame";
				FRAMEWORK_SEARCH_PATHS = (
					"$(SDKROOT)/Developer/Library/Frameworks",
					"$(inherited)",
					"$(DEVELOPER_FRAMEWORKS_DIR)",
				);
				GCC_PRECOMPILE_PREFIX_HEADER = YES;
				GCC_PREFIX_HEADER = "RacerGame/RacerGame-Prefix.pch";
				INFOPLIST_FILE = "RacerGameTests/RacerGameTests-Info.plist";
				PRODUCT_NAME = "$(TARGET_NAME)";
				TEST_HOST = "$(BUNDLE_LOADER)";
				WRAPPER_EXTENSION = xctest;
			};
			name = Release;
		};
/* End XCBuildConfiguration section */

/* Begin XCConfigurationList section */
		D9B229DD18DB1F1800DDBA11 /* Build configuration list for PBXProject "RacerGame" */ = {
			isa = XCConfigurationList;
			buildConfigurations = (
				D9B22A1218DB1F1800DDBA11 /* Debug */,
				D9B22A1318DB1F1800DDBA11 /* Release */,
			);
			defaultConfigurationIsVisible = 0;
			defaultConfigurationName = Release;
		};
		D9B22A1418DB1F1800DDBA11 /* Build configuration list for PBXNativeTarget "RacerGame" */ = {
			isa = XCConfigurationList;
			buildConfigurations = (
				D9B22A1518DB1F1800DDBA11 /* Debug */,
				D9B22A1618DB1F1800DDBA11 /* Release */,
			);
			defaultConfigurationIsVisible = 0;
			defaultConfigurationName = Release;
		};
		D9B22A1718DB1F1800DDBA11 /* Build configuration list for PBXNativeTarget "RacerGameTests" */ = {
			isa = XCConfigurationList;
			buildConfigurations = (
				D9B22A1818DB1F1800DDBA11 /* Debug */,
				D9B22A1918DB1F1800DDBA11 /* Release */,
			);
			defaultConfigurationIsVisible = 0;
			defaultConfigurationName = Release;
		};
/* End XCConfigurationList section */

/* Begin XCVersionGroup section */
		D96BA47C18E8965B00D29E82 /* Model.xcdatamodeld */ = {
			isa = XCVersionGroup;
			children = (
				D96BA47D18E8965B00D29E82 /* Model.xcdatamodel */,
			);
			currentVersion = D96BA47D18E8965B00D29E82 /* Model.xcdatamodel */;
			name = Model.xcdatamodeld;
			path = RacerGame/Model.xcdatamodeld;
			sourceTree = "<group>";
			versionGroupType = wrapper.xcdatamodel;
		};
/* End XCVersionGroup section */
	};
	rootObject = D9B229DA18DB1F1800DDBA11 /* Project object */;
}
